---
configuration:
  includes_doc: true
  node_package_manager: bun
  sync_root: true
  target_folder: taskotter
  tasks:
    - go
    - go-junit-report
    - golangci-lint
    - yamllint
    - yamlfix
    - actionlint
    - zizmor
    - adrs
    - hadolint
generated_root_tasks:
  - ci
  - ci:fix
  - install
  - verify
  - version
  - which
managed_files:
  - destination_module: actionlint
    path: taskotter/actionlint/README.md
    sha256: 61dd7de3b93a8a0aebe4a15e9118be31c277590f8f94cfbf79e3b13153ec10f3
    source_module: actionlint
    source_path: taskfiles/actionlint/README.md
  - destination_module: actionlint
    path: taskotter/actionlint/Taskfile.yml
    sha256: bf40a43b8207c01c1e553418537069bc94728560b7cdaef68716a5825afa88a1
    source_module: actionlint
    source_path: taskfiles/actionlint/Taskfile.yml
  - destination_module: adrs
    path: taskotter/adrs/README.md
    sha256: 55657d4d0e6fd2bcf500a6830d724fb3326b5df3680930b80360d92abfe470e8
    source_module: adrs
    source_path: taskfiles/adrs/README.md
  - destination_module: adrs
    path: taskotter/adrs/Taskfile.yml
    sha256: 3a4515c8513b962d5f486c1ee33ce4ef8241bdb84748f4837b0a15fdb1994107
    source_module: adrs
    source_path: taskfiles/adrs/Taskfile.yml
  - destination_module: cargo
    path: taskotter/cargo/README.md
    sha256: 8c43a98bf94eb8eae12173f43b372c6c2f5fa94399f73d4e272f713bfd129eae
    source_module: cargo
    source_path: taskfiles/cargo/README.md
  - destination_module: cargo
    path: taskotter/cargo/Taskfile.yml
    sha256: 81b97ae6b24b71d70d3ef754844788268d4c52b7c8e4183d8e05836e6365e249
    source_module: cargo
    source_path: taskfiles/cargo/Taskfile.yml
  - destination_module: go-junit-report
    path: taskotter/go-junit-report/README.md
    sha256: a0de2604cc9740bf9f6faba785310cff8946345f8c20a8f2279628063a9344d6
    source_module: go-junit-report
    source_path: taskfiles/go-junit-report/README.md
  - destination_module: go-junit-report
    path: taskotter/go-junit-report/Taskfile.yml
    sha256: 76ccc7bbfaa922e41182d6688464725c01e6fa74d76821a9fc3cb5732be40cfb
    source_module: go-junit-report
    source_path: taskfiles/go-junit-report/Taskfile.yml
  - destination_module: go
    path: taskotter/go/README.md
    sha256: aad0279cc167e19a8f6fda502de1794293aa963f056432d100104fa4b98a75cc
    source_module: go
    source_path: taskfiles/go/README.md
  - destination_module: go
    path: taskotter/go/Taskfile.yml
    sha256: f07e5bd930c91d165c95d144078e1be4c60a8403af2682d4e66fc2383075e64f
    source_module: go
    source_path: taskfiles/go/Taskfile.yml
  - destination_module: golangci-lint
    path: taskotter/golangci-lint/README.md
    sha256: bd489a4460cde81aab18a417e810e0135a7f82107d26a19ec010494adb866b18
    source_module: golangci-lint
    source_path: taskfiles/golangci-lint/README.md
  - destination_module: golangci-lint
    path: taskotter/golangci-lint/Taskfile.yml
    sha256: c7c5b9a8a38dab9f5ccc69d491189240eddd94b8bac5624e6d9a0ef87d6e4d8a
    source_module: golangci-lint
    source_path: taskfiles/golangci-lint/Taskfile.yml
  - destination_module: hadolint
    path: taskotter/hadolint/README.md
    sha256: c8c6fe2b56465fc3e8353ffe5ae787e9397a87b66a7c2cc18e1118721f14e86d
    source_module: hadolint
    source_path: taskfiles/hadolint/README.md
  - destination_module: hadolint
    path: taskotter/hadolint/Taskfile.yml
    sha256: 804b7d591a93c9fcd9f58539c364d2a24b31e07822b32a6417331b38b385d770
    source_module: hadolint
    source_path: taskfiles/hadolint/Taskfile.yml
  - destination_module: nix
    path: taskotter/nix/README.md
    sha256: 84eb164fa78c0f7d4eeedf6d30037cce40ac598e02edce2260aa0a2a109185a1
    source_module: nix
    source_path: taskfiles/nix/README.md
  - destination_module: nix
    path: taskotter/nix/Taskfile.yml
    sha256: 7fe6d209c68a48555a30ecdf9e4d6fb47ff0ae67303b2c7d94f2d123cd52795c
    source_module: nix
    source_path: taskfiles/nix/Taskfile.yml
  - destination_module: uv
    path: taskotter/uv/README.md
    sha256: 9b0cc1785882c5e1ccca5c49329b147759f278cc02aa2b154d7794ca5e90d71e
    source_module: uv
    source_path: taskfiles/uv/README.md
  - destination_module: uv
    path: taskotter/uv/Taskfile.yml
    sha256: bca04359083915e39c10e36a7ea92ab9a275ccd321c53e4b3743deda6bdfbe28
    source_module: uv
    source_path: taskfiles/uv/Taskfile.yml
  - destination_module: winget
    path: taskotter/winget/README.md
    sha256: 2b041f93140d5041cb3f2df6bbc3652eccac5a337582de50f8688211230d9edd
    source_module: winget
    source_path: taskfiles/winget/README.md
  - destination_module: winget
    path: taskotter/winget/Taskfile.yml
    sha256: 95adec4010a9a4db740f4c3b4e2232e9f2dac0afd44d1c4b684de4bb32605394
    source_module: winget
    source_path: taskfiles/winget/Taskfile.yml
  - destination_module: yamlfix
    path: taskotter/yamlfix/README.md
    sha256: 1aa601df73ea4682e4170fad8b9e68cf91ad5c718e6547b05b629b107e96ffff
    source_module: yamlfix
    source_path: taskfiles/yamlfix/README.md
  - destination_module: yamlfix
    path: taskotter/yamlfix/Taskfile.yml
    sha256: 5d5fd57a10ffc85fe4b22ac578159d25680183bdbafc9da43d93fd217990676c
    source_module: yamlfix
    source_path: taskfiles/yamlfix/Taskfile.yml
  - destination_module: yamllint
    path: taskotter/yamllint/README.md
    sha256: dff04c90281e6133fa54ebbdf867b7ca91a4e652547e52e99dfb7cd755ab76e8
    source_module: yamllint
    source_path: taskfiles/yamllint/README.md
  - destination_module: yamllint
    path: taskotter/yamllint/Taskfile.yml
    sha256: 23e19b8b879b856287a1f2f3f9db46377dec7352c4964de7570f7eb8d7c4e3eb
    source_module: yamllint
    source_path: taskfiles/yamllint/Taskfile.yml
  - destination_module: zizmor
    path: taskotter/zizmor/README.md
    sha256: f3452528778d85862737d2f86b2b6b85eef4c9ece65ad385eeb4a296c249272a
    source_module: zizmor
    source_path: taskfiles/zizmor/README.md
  - destination_module: zizmor
    path: taskotter/zizmor/Taskfile.yml
    sha256: 846e6e200c6fa2d8b7c261d9ef73115695eaa4d9cbe0aebeebe4e9bc5f61f214
    source_module: zizmor
    source_path: taskfiles/zizmor/Taskfile.yml
resolved_modules:
  dependencies:
    - destination_module: cargo
      path: taskotter/cargo
      source_module: cargo
    - destination_module: nix
      path: taskotter/nix
      source_module: nix
    - destination_module: uv
      path: taskotter/uv
      source_module: uv
    - destination_module: winget
      path: taskotter/winget
      source_module: winget
  requested:
    actionlint:
      destination_module: actionlint
      path: taskotter/actionlint
      source_module: actionlint
    adrs:
      destination_module: adrs
      path: taskotter/adrs
      source_module: adrs
    go:
      destination_module: go
      path: taskotter/go
      source_module: go
    go-junit-report:
      destination_module: go-junit-report
      path: taskotter/go-junit-report
      source_module: go-junit-report
    golangci-lint:
      destination_module: golangci-lint
      path: taskotter/golangci-lint
      source_module: golangci-lint
    hadolint:
      destination_module: hadolint
      path: taskotter/hadolint
      source_module: hadolint
    yamlfix:
      destination_module: yamlfix
      path: taskotter/yamlfix
      source_module: yamlfix
    yamllint:
      destination_module: yamllint
      path: taskotter/yamllint
      source_module: yamllint
    zizmor:
      destination_module: zizmor
      path: taskotter/zizmor
      source_module: zizmor
source:
  default_branch: main
  repository: task-otter/store
  requested_version: v0.0.12
  resolved_commit: 2e6dcde990bb68aa3ff1f6fb239a4c9a52b3a5ac
  source_ref: refs/tags/v0.0.12
