---
configuration:
  includes_doc: true
  node_package_manager: pnpm
  node_version_manager: fnm
  sync_root: true
  target_folder: taskfiles
  tasks:
    - eslint
    - prettier
    - typescript
    - go
generated_root_tasks:
  - ci
  - config:init
  - help
  - install
  - install:undo
  - upgrade
  - version
managed_files:
  - destination_module: corepack
    path: taskfiles/corepack/Taskfile.yml
    sha256: fc16de641eb89d377efe1f158592edb391d829333b194e2677f3597d43bf14f8
    source_module: corepack/fnm
    source_path: taskfiles/corepack/fnm/Taskfile.yml
  - destination_module: corepack
    path: taskfiles/corepack/package.json
    sha256: 86063995cc8c95a047d6a60737e57922bc4fbe77989a6bf4b4f2e4cfceb8a548
    source_module: corepack/fnm
    source_path: taskfiles/corepack/fnm/package.json
  - destination_module: eslint
    path: taskfiles/eslint/Taskfile.yml
    sha256: 4fc8e4f9dd91aaedd995cd83831ddc0904084a1370f1f31a36d9d89f8d5752a3
    source_module: eslint/node/fnm/pnpm
    source_path: taskfiles/eslint/node/fnm/pnpm/Taskfile.yml
  - destination_module: fnm
    path: taskfiles/fnm/README.md
    sha256: aae904177f419e2f89d9e5c760e9722cf6287cb7c8a95ac73d6b3075d89d745b
    source_module: fnm
    source_path: taskfiles/fnm/README.md
  - destination_module: fnm
    path: taskfiles/fnm/Taskfile.yml
    sha256: ecab92e7fc9c0614debba6687891e5c98b0b43e0acd8a183a131a6d267ae7380
    source_module: fnm
    source_path: taskfiles/fnm/Taskfile.yml
  - destination_module: go
    path: taskfiles/go/README.md
    sha256: 8e39d972e4cf05cc67adff03843ab6be0d22e0e8437d0f37f0a5953719b053c4
    source_module: go
    source_path: taskfiles/go/README.md
  - destination_module: go
    path: taskfiles/go/Taskfile.yml
    sha256: 6ecd1cd4be1e561da0490f4bf3b2c12832a5ad96fe619a5cac117e03220c7532
    source_module: go
    source_path: taskfiles/go/Taskfile.yml
  - destination_module: internal/skipfiles
    path: taskfiles/internal/skipfiles/Taskfile.yml
    sha256: 67b7d75af8670b74a9c5be3dfa8659b96b4823c699bb1fc3013d5bf1e3b3365b
    source_module: internal/skipfiles
    source_path: taskfiles/internal/skipfiles/Taskfile.yml
  - destination_module: pnpm
    path: taskfiles/pnpm/Taskfile.yml
    sha256: de2ef278cedf7804c2ff8a3a001e06218337cb6fcc769b77a99cfa9e393bab88
    source_module: pnpm/fnm
    source_path: taskfiles/pnpm/fnm/Taskfile.yml
  - destination_module: pnpm
    path: taskfiles/pnpm/package.json
    sha256: aa7865cb9acb01417865ca73bf54ceccc3882c75e5673f2e99e83d05698a7f5f
    source_module: pnpm/fnm
    source_path: taskfiles/pnpm/fnm/package.json
  - destination_module: pnpm
    path: taskfiles/pnpm/pnpm-lock.yaml
    sha256: 8c0792605915ff6a60653d54868ee6362ecb3a8f79b09b1c2c7691c685ed4477
    source_module: pnpm/fnm
    source_path: taskfiles/pnpm/fnm/pnpm-lock.yaml
  - destination_module: prettier
    path: taskfiles/prettier/Taskfile.yml
    sha256: 0960da9d85ccc3e756f782e097be2a5fb7a484c01e22aff2b25d91f7a2184890
    source_module: prettier/node/fnm/pnpm
    source_path: taskfiles/prettier/node/fnm/pnpm/Taskfile.yml
  - destination_module: typescript
    path: taskfiles/typescript/Taskfile.yml
    sha256: d59ba61133d8d589b5736d85137b719e53849de3ddcfbec213d1a14ddbd6c462
    source_module: typescript/node/fnm/pnpm
    source_path: taskfiles/typescript/node/fnm/pnpm/Taskfile.yml
resolved_modules:
  dependencies:
    - destination_module: corepack
      path: taskfiles/corepack
      source_module: corepack/fnm
    - destination_module: fnm
      path: taskfiles/fnm
      source_module: fnm
    - destination_module: internal/skipfiles
      path: taskfiles/internal/skipfiles
      source_module: internal/skipfiles
    - destination_module: pnpm
      path: taskfiles/pnpm
      source_module: pnpm/fnm
  requested:
    eslint:
      destination_module: eslint
      path: taskfiles/eslint
      source_module: eslint/node/fnm/pnpm
    go:
      destination_module: go
      path: taskfiles/go
      source_module: go
    prettier:
      destination_module: prettier
      path: taskfiles/prettier
      source_module: prettier/node/fnm/pnpm
    typescript:
      destination_module: typescript
      path: taskfiles/typescript
      source_module: typescript/node/fnm/pnpm
source:
  default_branch: main
  repository: task-otter/store
  requested_version: ""
  resolved_commit: 7671997fdccaf68fbb798d83e6bb8a237454b0ba
  source_ref: refs/heads/main
