---
source:
  repository: task-otter/Taskotter-store
  requested_version: ""
  source_ref: refs/heads/main
  resolved_commit: 28025c708d1d1badc13e6a11e6432a565298ea7b
  default_branch: main
configuration:
  target_folder: taskfiles
  tasks:
    - go
    - hadolint
    - yamllint
    - actionlint
    - zizmor
    - gh
  node_package_manager: bun
  node_version_manager: ""
  includes_doc: true
  sync_root: true
resolved_modules:
  requested:
    actionlint:
      source_module: actionlint
      destination_module: actionlint
      path: taskfiles/actionlint
    gh:
      source_module: gh
      destination_module: gh
      path: taskfiles/gh
    go:
      source_module: go
      destination_module: go
      path: taskfiles/go
    hadolint:
      source_module: hadolint
      destination_module: hadolint
      path: taskfiles/hadolint
    yamllint:
      source_module: yamllint
      destination_module: yamllint
      path: taskfiles/yamllint
    zizmor:
      source_module: zizmor
      destination_module: zizmor
      path: taskfiles/zizmor
  dependencies:
    - source_module: internal/skipfiles
      destination_module: internal/skipfiles
      path: taskfiles/internal/skipfiles
    - source_module: jq
      destination_module: jq
      path: taskfiles/jq
    - source_module: uv
      destination_module: uv
      path: taskfiles/uv
managed_files:
  - source_module: actionlint
    destination_module: actionlint
    source_path: taskfiles/actionlint/README.md
    path: taskfiles/actionlint/README.md
    sha256: 406fc0f5013fb6c4f85419263079583ee33aa3c24406f8a7a84f93b74521411c
  - source_module: actionlint
    destination_module: actionlint
    source_path: taskfiles/actionlint/Taskfile.yml
    path: taskfiles/actionlint/Taskfile.yml
    sha256: d63e5f2ffe97b706c6ab8618388d4e889a920e8e9ef670bb998766f4fe8a8d32
  - source_module: gh
    destination_module: gh
    source_path: taskfiles/gh/README.md
    path: taskfiles/gh/README.md
    sha256: ffc2dbb74dd12cac167fa38877dab0d2ca6bb7b75ac49255ca5422ce2cfd10ff
  - source_module: gh
    destination_module: gh
    source_path: taskfiles/gh/Taskfile.yml
    path: taskfiles/gh/Taskfile.yml
    sha256: 4fd080d4d7ad5d64ff6373130d1cd8dbf76935c4c37ac55764ac2084dfff09b5
  - source_module: go
    destination_module: go
    source_path: taskfiles/go/README.md
    path: taskfiles/go/README.md
    sha256: 7f361919cbbc186987c4bb722df5125c52baf3e010d4991a89b73e4b159f5785
  - source_module: go
    destination_module: go
    source_path: taskfiles/go/Taskfile.yml
    path: taskfiles/go/Taskfile.yml
    sha256: e348522154239e57d386f8c876a09cd6cd6002e1a00f12c7a947b20b48c3085c
  - source_module: hadolint
    destination_module: hadolint
    source_path: taskfiles/hadolint/README.md
    path: taskfiles/hadolint/README.md
    sha256: 18c5abb85f82db78f054d21cd0575180dbdcb3d5aca185d28c570686c0beb1c0
  - source_module: hadolint
    destination_module: hadolint
    source_path: taskfiles/hadolint/Taskfile.yml
    path: taskfiles/hadolint/Taskfile.yml
    sha256: 7d7a37f3b6e4f3b6542c01f9979cbdd82309d9ae30238ebfaa1a1f97ee19b95b
  - source_module: internal/skipfiles
    destination_module: internal/skipfiles
    source_path: taskfiles/internal/skipfiles/Taskfile.yml
    path: taskfiles/internal/skipfiles/Taskfile.yml
    sha256: 02eaf23c4c7687ef7f4bf2e5c9b4194ce4519da90c35ee1dcdcc1c0c016ad938
  - source_module: jq
    destination_module: jq
    source_path: taskfiles/jq/README.md
    path: taskfiles/jq/README.md
    sha256: 8405eb6db5cdeec80e6f5c7cec989194ceb4175a3625f0bdd6a8d446ae3fc708
  - source_module: jq
    destination_module: jq
    source_path: taskfiles/jq/Taskfile.yml
    path: taskfiles/jq/Taskfile.yml
    sha256: d60b4f9d9390e36fb71a8b784b33974923253381a5b3599e85d5eea7b1cb3709
  - source_module: uv
    destination_module: uv
    source_path: taskfiles/uv/README.md
    path: taskfiles/uv/README.md
    sha256: 1a560a13bd56ff284cf3f13d0041543f5652eda5a12b5f9c4b5cd90199e375d7
  - source_module: uv
    destination_module: uv
    source_path: taskfiles/uv/Taskfile.yml
    path: taskfiles/uv/Taskfile.yml
    sha256: 79553eff015f6c1e96856504e0bb430a50c41a815d4133a1b60db233f4b034b7
  - source_module: yamllint
    destination_module: yamllint
    source_path: taskfiles/yamllint/README.md
    path: taskfiles/yamllint/README.md
    sha256: 3542029c5d8de82a36fcdf10def80e30e663f8488bc4df76f65660d6daa25270
  - source_module: yamllint
    destination_module: yamllint
    source_path: taskfiles/yamllint/Taskfile.yml
    path: taskfiles/yamllint/Taskfile.yml
    sha256: 347661dc34273cfd0b37104daeaf18a21f13a04e8a8ff965fc70e497c3123ee7
  - source_module: zizmor
    destination_module: zizmor
    source_path: taskfiles/zizmor/README.md
    path: taskfiles/zizmor/README.md
    sha256: ceaea35cb480d35a74d2fd42d568ca3aeab729d1fd3c57c177f65d246b534b8d
  - source_module: zizmor
    destination_module: zizmor
    source_path: taskfiles/zizmor/Taskfile.yml
    path: taskfiles/zizmor/Taskfile.yml
    sha256: 4f2cf135b817c8e5a6b1f6a8bb03fc88434546edccde033e2840910dfb53fd01
